
Microsoft Visual Studio Solution File, Format Version 12.00
# Visual Studio Version 17
VisualStudioVersion = 17.10.35013.160
MinimumVisualStudioVersion = 10.0.40219.1
Project("{FAE04EC0-301F-11D3-BF4B-00C04F79EFBC}") = "LotteryPicker", "LotteryPicker.csproj", "{08BD32F6-9E4F-4165-993D-56A0603635D0}"
EndProject
Global
	GlobalSection(SolutionConfigurationPlatforms) = preSolution
		Debug|Any CPU = Debug|Any CPU
		Release|Any CPU = Release|Any CPU
	EndGlobalSection
	GlobalSection(ProjectConfigurationPlatforms) = postSolution
		{08BD32F6-9E4F-4165-993D-56A0603635D0}.Debug|Any CPU.ActiveCfg = Debug|Any CPU
		{08BD32F6-9E4F-4165-993D-56A0603635D0}.Debug|Any CPU.Build.0 = Debug|Any CPU
		{08BD32F6-9E4F-4165-993D-56A0603635D0}.Release|Any CPU.ActiveCfg = Release|Any CPU
		{08BD32F6-9E4F-4165-993D-56A0603635D0}.Release|Any CPU.Build.0 = Release|Any CPU
	EndGlobalSection
	GlobalSection(SolutionProperties) = preSolution
		HideSolutionNode = FALSE
	EndGlobalSection
	GlobalSection(ExtensibilityGlobals) = postSolution
		SolutionGuid = {1EA69827-A20E-4F0B-8666-54A39560DD2E}
	EndGlobalSection
EndGlobal
